
Microsoft Visual Studio Solution File, Format Version 12.00
# Visual Studio Version 16
VisualStudioVersion = 16.0.31205.134
MinimumVisualStudioVersion = 10.0.40219.1
Project("{FAE04EC0-301F-11D3-BF4B-00C04F79EFBC}") = "SitioPersona", "SitioPersona\SitioPersona.csproj", "{A8794A41-6BD3-43DF-8B83-B93693E25E2E}"
EndProject
Global
	GlobalSection(SolutionConfigurationPlatforms) = preSolution
		Debug|Any CPU = Debug|Any CPU
		Release|Any CPU = Release|Any CPU
	EndGlobalSection
	GlobalSection(ProjectConfigurationPlatforms) = postSolution
		{A8794A41-6BD3-43DF-8B83-B93693E25E2E}.Debug|Any CPU.ActiveCfg = Debug|Any CPU
		{A8794A41-6BD3-43DF-8B83-B93693E25E2E}.Debug|Any CPU.Build.0 = Debug|Any CPU
		{A8794A41-6BD3-43DF-8B83-B93693E25E2E}.Release|Any CPU.ActiveCfg = Release|Any CPU
		{A8794A41-6BD3-43DF-8B83-B93693E25E2E}.Release|Any CPU.Build.0 = Release|Any CPU
	EndGlobalSection
	GlobalSection(SolutionProperties) = preSolution
		HideSolutionNode = FALSE
	EndGlobalSection
	GlobalSection(ExtensibilityGlobals) = postSolution
		SolutionGuid = {A516B0A9-0023-4BDC-8187-59F4D8CAF063}
	EndGlobalSection
EndGlobal
